
Microsoft Visual Studio Solution File, Format Version 12.00
# Visual Studio 15
VisualStudioVersion = 15.0.27428.2037
MinimumVisualStudioVersion = 10.0.40219.1
Project("{FAE04EC0-301F-11D3-BF4B-00C04F79EFBC}") = "LazySQL", "LazySQL\LazySQL.csproj", "{C4AC1AB2-9829-4D66-A913-7FF45EC0437C}"
EndProject
Project("{2150E333-8FDC-42A3-9474-1A3956D46DE8}") = "Example", "Example", "{0E090238-6C94-44D1-AB97-9EF71DEA8265}"
EndProject
Project("{FAE04EC0-301F-11D3-BF4B-00C04F79EFBC}") = "SimpleSqlLite", "SimpleSqlLite\SimpleSqlLite.csproj", "{2FF3D1C6-FBA5-44FB-AB02-31208C7D9ED0}"
EndProject
Project("{FAE04EC0-301F-11D3-BF4B-00C04F79EFBC}") = "SimpleMsSql", "SimpleMsSql\SimpleMsSql.csproj", "{FCEF9BDF-A7B6-450D-ACF1-6511E429C8F2}"
EndProject
Project("{FAE04EC0-301F-11D3-BF4B-00C04F79EFBC}") = "SimpleTest", "SimpleTest\SimpleTest.csproj", "{E5D80170-F1FC-4121-8E32-C2E0998D7BB0}"
EndProject
Project("{FAE04EC0-301F-11D3-BF4B-00C04F79EFBC}") = "LazySQL.MSSQL", "LazySQL.MSSQL\LazySQL.MSSQL.csproj", "{352E6037-F633-42C0-A1E9-EDBBE51401A7}"
EndProject
Project("{FAE04EC0-301F-11D3-BF4B-00C04F79EFBC}") = "LazySQL.SQLite", "LazySQL.SQLite\LazySQL.SQLite.csproj", "{C4B58A18-2AB1-43D6-9E8E-1FF8A18B5703}"
EndProject
Global
	GlobalSection(SolutionConfigurationPlatforms) = preSolution
		Debug|Any CPU = Debug|Any CPU
		Release|Any CPU = Release|Any CPU
	EndGlobalSection
	GlobalSection(ProjectConfigurationPlatforms) = postSolution
		{C4AC1AB2-9829-4D66-A913-7FF45EC0437C}.Debug|Any CPU.ActiveCfg = Debug|Any CPU
		{C4AC1AB2-9829-4D66-A913-7FF45EC0437C}.Debug|Any CPU.Build.0 = Debug|Any CPU
		{C4AC1AB2-9829-4D66-A913-7FF45EC0437C}.Release|Any CPU.ActiveCfg = Release|Any CPU
		{C4AC1AB2-9829-4D66-A913-7FF45EC0437C}.Release|Any CPU.Build.0 = Release|Any CPU
		{2FF3D1C6-FBA5-44FB-AB02-31208C7D9ED0}.Debug|Any CPU.ActiveCfg = Debug|Any CPU
		{2FF3D1C6-FBA5-44FB-AB02-31208C7D9ED0}.Debug|Any CPU.Build.0 = Debug|Any CPU
		{2FF3D1C6-FBA5-44FB-AB02-31208C7D9ED0}.Release|Any CPU.ActiveCfg = Release|Any CPU
		{2FF3D1C6-FBA5-44FB-AB02-31208C7D9ED0}.Release|Any CPU.Build.0 = Release|Any CPU
		{FCEF9BDF-A7B6-450D-ACF1-6511E429C8F2}.Debug|Any CPU.ActiveCfg = Debug|Any CPU
		{FCEF9BDF-A7B6-450D-ACF1-6511E429C8F2}.Debug|Any CPU.Build.0 = Debug|Any CPU
		{FCEF9BDF-A7B6-450D-ACF1-6511E429C8F2}.Release|Any CPU.ActiveCfg = Release|Any CPU
		{FCEF9BDF-A7B6-450D-ACF1-6511E429C8F2}.Release|Any CPU.Build.0 = Release|Any CPU
		{E5D80170-F1FC-4121-8E32-C2E0998D7BB0}.Debug|Any CPU.ActiveCfg = Debug|Any CPU
		{E5D80170-F1FC-4121-8E32-C2E0998D7BB0}.Debug|Any CPU.Build.0 = Debug|Any CPU
		{E5D80170-F1FC-4121-8E32-C2E0998D7BB0}.Release|Any CPU.ActiveCfg = Release|Any CPU
		{E5D80170-F1FC-4121-8E32-C2E0998D7BB0}.Release|Any CPU.Build.0 = Release|Any CPU
		{352E6037-F633-42C0-A1E9-EDBBE51401A7}.Debug|Any CPU.ActiveCfg = Debug|Any CPU
		{352E6037-F633-42C0-A1E9-EDBBE51401A7}.Debug|Any CPU.Build.0 = Debug|Any CPU
		{352E6037-F633-42C0-A1E9-EDBBE51401A7}.Release|Any CPU.ActiveCfg = Release|Any CPU
		{352E6037-F633-42C0-A1E9-EDBBE51401A7}.Release|Any CPU.Build.0 = Release|Any CPU
		{C4B58A18-2AB1-43D6-9E8E-1FF8A18B5703}.Debug|Any CPU.ActiveCfg = Debug|Any CPU
		{C4B58A18-2AB1-43D6-9E8E-1FF8A18B5703}.Debug|Any CPU.Build.0 = Debug|Any CPU
		{C4B58A18-2AB1-43D6-9E8E-1FF8A18B5703}.Release|Any CPU.ActiveCfg = Release|Any CPU
		{C4B58A18-2AB1-43D6-9E8E-1FF8A18B5703}.Release|Any CPU.Build.0 = Release|Any CPU
	EndGlobalSection
	GlobalSection(SolutionProperties) = preSolution
		HideSolutionNode = FALSE
	EndGlobalSection
	GlobalSection(NestedProjects) = preSolution
		{2FF3D1C6-FBA5-44FB-AB02-31208C7D9ED0} = {0E090238-6C94-44D1-AB97-9EF71DEA8265}
		{FCEF9BDF-A7B6-450D-ACF1-6511E429C8F2} = {0E090238-6C94-44D1-AB97-9EF71DEA8265}
		{E5D80170-F1FC-4121-8E32-C2E0998D7BB0} = {0E090238-6C94-44D1-AB97-9EF71DEA8265}
	EndGlobalSection
	GlobalSection(ExtensibilityGlobals) = postSolution
		SolutionGuid = {89906C34-C9BF-4DDC-8ABB-9615EAEACBBA}
	EndGlobalSection
EndGlobal
